// !$*UTF8*$!
{
	archiveVersion = 1;
	classes = {
	};
	objectVersion = 46;
	objects = {

/* Begin PBXBuildFile section */
		96329A291E6968A100768147 /* main.cpp in Sources */ = {isa = PBXBuildFile; fileRef = 96329A281E6968A100768147 /* main.cpp */; };
		96329A331E696B5E00768147 /* HttpMessage.cpp in Sources */ = {isa = PBXBuildFile; fileRef = 96329A311E696B5E00768147 /* HttpMessage.cpp */; };
/* End PBXBuildFile section */

/* Begin PBXCopyFilesBuildPhase section */
		96329A231E6968A100768147 /* CopyFiles */ = {
			isa = PBXCopyFilesBuildPhase;
			buildActionMask = 2147483647;
			dstPath = /usr/share/man/man1/;
			dstSubfolderSpec = 0;
			files = (
			);
			runOnlyForDeploymentPostprocessing = 1;
		};
/* End PBXCopyFilesBuildPhase section */

/* Begin PBXFileReference section */
		96329A251E6968A100768147 /* HugHttp */ = {isa = PBXFileReference; explicitFileType = "compiled.mach-o.executable"; includeInIndex = 0; path = HugHttp; sourceTree = BUILT_PRODUCTS_DIR; };
		96329A281E6968A100768147 /* main.cpp */ = {isa = PBXFileReference; lastKnownFileType = sourcecode.cpp.cpp; path = main.cpp; sourceTree = "<group>"; };
		96329A311E696B5E00768147 /* HttpMessage.cpp */ = {isa = PBXFileReference; fileEncoding = 4; lastKnownFileType = sourcecode.cpp.cpp; path = HttpMessage.cpp; sourceTree = "<group>"; };
		96329A321E696B5E00768147 /* HttpMessage.hpp */ = {isa = PBXFileReference; fileEncoding = 4; lastKnownFileType = sourcecode.cpp.h; path = HttpMessage.hpp; sourceTree = "<group>"; };
/* End PBXFileReference section */

/* Begin PBXFrameworksBuildPhase section */
		96329A221E6968A100768147 /* Frameworks */ = {
			isa = PBXFrameworksBuildPhase;
			buildActionMask = 2147483647;
			files = (
			);
			runOnlyForDeploymentPostprocessing = 0;
		};
/* End PBXFrameworksBuildPhase section */

/* Begin PBXGroup section */
		96329A1C1E6968A000768147 = {
			isa = PBXGroup;
			children = (
				96329A271E6968A100768147 /* HugHttp */,
				96329A261E6968A100768147 /* Products */,
			);
			sourceTree = "<group>";
		};
		96329A261E6968A100768147 /* Products */ = {
			isa = PBXGroup;
			children = (
				96329A251E6968A100768147 /* HugHttp */,
			);
			name = Products;
			sourceTree = "<group>";
		};
		96329A271E6968A100768147 /* HugHttp */ = {
			isa = PBXGroup;
			children = (
				96329A341E696BF300768147 /* model */,
				96329A301E696A7B00768147 /* client */,
				96329A2F1E696A7300768147 /* server */,
				96329A281E6968A100768147 /* main.cpp */,
			);
			path = HugHttp;
			sourceTree = "<group>";
		};
		96329A2F1E696A7300768147 /* server */ = {
			isa = PBXGroup;
			children = (
			);
			name = server;
			sourceTree = "<group>";
		};
		96329A301E696A7B00768147 /* client */ = {
			isa = PBXGroup;
			children = (
			);
			name = client;
			sourceTree = "<group>";
		};
		96329A341E696BF300768147 /* model */ = {
			isa = PBXGroup;
			children = (
				96329A311E696B5E00768147 /* HttpMessage.cpp */,
				96329A321E696B5E00768147 /* HttpMessage.hpp */,
			);
			name = model;
			sourceTree = "<group>";
		};
/* End PBXGroup section */

/* Begin PBXNativeTarget section */
		96329A241E6968A100768147 /* HugHttp */ = {
			isa = PBXNativeTarget;
			buildConfigurationList = 96329A2C1E6968A100768147 /* Build configuration list for PBXNativeTarget "HugHttp" */;
			buildPhases = (
				96329A211E6968A100768147 /* Sources */,
				96329A221E6968A100768147 /* Frameworks */,
				96329A231E6968A100768147 /* CopyFiles */,
			);
			buildRules = (
			);
			dependencies = (
			);
			name = HugHttp;
			productName = HugHttp;
			productReference = 96329A251E6968A100768147 /* HugHttp */;
			productType = "com.apple.product-type.tool";
		};
/* End PBXNativeTarget section */

/* Begin PBXProject section */
		96329A1D1E6968A000768147 /* Project object */ = {
			isa = PBXProject;
			attributes = {
				LastUpgradeCheck = 0820;
				ORGANIZATIONNAME = Hughie;
				TargetAttributes = {
					96329A241E6968A100768147 = {
						CreatedOnToolsVersion = 8.2.1;
						DevelopmentTeam = X9U2588LMH;
						ProvisioningStyle = Automatic;
					};
				};
			};
			buildConfigurationList = 96329A201E6968A000768147 /* Build configuration list for PBXProject "HugHttp" */;
			compatibilityVersion = "Xcode 3.2";
			developmentRegion = English;
			hasScannedForEncodings = 0;
			knownRegions = (
				en,
			);
			mainGroup = 96329A1C1E6968A000768147;
			productRefGroup = 96329A261E6968A100768147 /* Products */;
			projectDirPath = "";
			projectRoot = "";
			targets = (
				96329A241E6968A100768147 /* HugHttp */,
			);
		};
/* End PBXProject section */

/* Begin PBXSourcesBuildPhase section */
		96329A211E6968A100768147 /* Sources */ = {
			isa = PBXSourcesBuildPhase;
			buildActionMask = 2147483647;
			files = (
				96329A291E6968A100768147 /* main.cpp in Sources */,
				96329A331E696B5E00768147 /* HttpMessage.cpp in Sources */,
			);
			runOnlyForDeploymentPostprocessing = 0;
		};
/* End PBXSourcesBuildPhase section */

/* Begin XCBuildConfiguration section */
		96329A2A1E6968A100768147 /* Debug */ = {
			isa = XCBuildConfiguration;
			buildSettings = {
				ALWAYS_SEARCH_USER_PATHS = NO;
				CLANG_ANALYZER_NONNULL = YES;
				CLANG_CXX_LANGUAGE_STANDARD = "gnu++0x";
				CLANG_CXX_LIBRARY = "libc++";
				CLANG_ENABLE_MODULES = YES;
				CLANG_ENABLE_OBJC_ARC = YES;
				CLANG_WARN_BOOL_CONVERSION = YES;
				CLANG_WARN_CONSTANT_CONVERSION = YES;
				CLANG_WARN_DIRECT_OBJC_ISA_USAGE = YES_ERROR;
				CLANG_WARN_DOCUMENTATION_COMMENTS = YES;
				CLANG_WARN_EMPTY_BODY = YES;
				CLANG_WARN_ENUM_CONVERSION = YES;
				CLANG_WARN_INFINITE_RECURSION = YES;
				CLANG_WARN_INT_CONVERSION = YES;
				CLANG_WARN_OBJC_ROOT_CLASS = YES_ERROR;
				CLANG_WARN_SUSPICIOUS_MOVE = YES;
				CLANG_WARN_UNREACHABLE_CODE = YES;
				CLANG_WARN__DUPLICATE_METHOD_MATCH = YES;
				CODE_SIGN_IDENTITY = "-";
				COPY_PHASE_STRIP = NO;
				DEBUG_INFORMATION_FORMAT = dwarf;
				ENABLE_STRICT_OBJC_MSGSEND = YES;
				ENABLE_TESTABILITY = YES;
				GCC_C_LANGUAGE_STANDARD = gnu99;
				GCC_DYNAMIC_NO_PIC = NO;
				GCC_NO_COMMON_BLOCKS = YES;
				GCC_OPTIMIZATION_LEVEL = 0;
				GCC_PREPROCESSOR_DEFINITIONS = (
					"DEBUG=1",
					"$(inherited)",
				);
				GCC_WARN_64_TO_32_BIT_CONVERSION = YES;
				GCC_WARN_ABOUT_RETURN_TYPE = YES_ERROR;
				GCC_WARN_UNDECLARED_SELECTOR = YES;
				GCC_WARN_UNINITIALIZED_AUTOS = YES_AGGRESSIVE;
				GCC_WARN_UNUSED_FUNCTION = YES;
				GCC_WARN_UNUSED_VARIABLE = YES;
				MACOSX_DEPLOYMENT_TARGET = 10.12;
				MTL_ENABLE_DEBUG_INFO = YES;
				ONLY_ACTIVE_ARCH = YES;
				SDKROOT = macosx;
			};
			name = Debug;
		};
		96329A2B1E6968A100768147 /* Release */ = {
			isa = XCBuildConfiguration;
			buildSettings = {
				ALWAYS_SEARCH_USER_PATHS = NO;
				CLANG_ANALYZER_NONNULL = YES;
				CLANG_CXX_LANGUAGE_STANDARD = "gnu++0x";
				CLANG_CXX_LIBRARY = "libc++";
				CLANG_ENABLE_MODULES = YES;
				CLANG_ENABLE_OBJC_ARC = YES;
				CLANG_WARN_BOOL_CONVERSION = YES;
				CLANG_WARN_CONSTANT_CONVERSION = YES;
				CLANG_WARN_DIRECT_OBJC_ISA_USAGE = YES_ERROR;
				CLANG_WARN_DOCUMENTATION_COMMENTS = YES;
				CLANG_WARN_EMPTY_BODY = YES;
				CLANG_WARN_ENUM_CONVERSION = YES;
				CLANG_WARN_INFINITE_RECURSION = YES;
				CLANG_WARN_INT_CONVERSION = YES;
				CLANG_WARN_OBJC_ROOT_CLASS = YES_ERROR;
				CLANG_WARN_SUSPICIOUS_MOVE = YES;
				CLANG_WARN_UNREACHABLE_CODE = YES;
				CLANG_WARN__DUPLICATE_METHOD_MATCH = YES;
				CODE_SIGN_IDENTITY = "-";
				COPY_PHASE_STRIP = NO;
				DEBUG_INFORMATION_FORMAT = "dwarf-with-dsym";
				ENABLE_NS_ASSERTIONS = NO;
				ENABLE_STRICT_OBJC_MSGSEND = YES;
				GCC_C_LANGUAGE_STANDARD = gnu99;
				GCC_NO_COMMON_BLOCKS = YES;
				GCC_WARN_64_TO_32_BIT_CONVERSION = YES;
				GCC_WARN_ABOUT_RETURN_TYPE = YES_ERROR;
				GCC_WARN_UNDECLARED_SELECTOR = YES;
				GCC_WARN_UNINITIALIZED_AUTOS = YES_AGGRESSIVE;
				GCC_WARN_UNUSED_FUNCTION = YES;
				GCC_WARN_UNUSED_VARIABLE = YES;
				MACOSX_DEPLOYMENT_TARGET = 10.12;
				MTL_ENABLE_DEBUG_INFO = NO;
				SDKROOT = macosx;
			};
			name = Release;
		};
		96329A2D1E6968A100768147 /* Debug */ = {
			isa = XCBuildConfiguration;
			buildSettings = {
				DEVELOPMENT_TEAM = X9U2588LMH;
				PRODUCT_NAME = "$(TARGET_NAME)";
			};
			name = Debug;
		};
		96329A2E1E6968A100768147 /* Release */ = {
			isa = XCBuildConfiguration;
			buildSettings = {
				DEVELOPMENT_TEAM = X9U2588LMH;
				PRODUCT_NAME = "$(TARGET_NAME)";
			};
			name = Release;
		};
/* End XCBuildConfiguration section */

/* Begin XCConfigurationList section */
		96329A201E6968A000768147 /* Build configuration list for PBXProject "HugHttp" */ = {
			isa = XCConfigurationList;
			buildConfigurations = (
				96329A2A1E6968A100768147 /* Debug */,
				96329A2B1E6968A100768147 /* Release */,
			);
			defaultConfigurationIsVisible = 0;
			defaultConfigurationName = Release;
		};
		96329A2C1E6968A100768147 /* Build configuration list for PBXNativeTarget "HugHttp" */ = {
			isa = XCConfigurationList;
			buildConfigurations = (
				96329A2D1E6968A100768147 /* Debug */,
				96329A2E1E6968A100768147 /* Release */,
			);
			defaultConfigurationIsVisible = 0;
			defaultConfigurationName = Release;
		};
/* End XCConfigurationList section */
	};
	rootObject = 96329A1D1E6968A000768147 /* Project object */;
}
